
Microsoft Visual Studio Solution File, Format Version 12.00
# Visual Studio Version 17
VisualStudioVersion = 17.0.32126.317
MinimumVisualStudioVersion = 10.0.40219.1
Project("{FAE04EC0-301F-11D3-BF4B-00C04F79EFBC}") = "vali-avx", "vali-avx.csproj", "{1DF44ED8-B0F9-4859-B0A3-6A8D1C67F08A}"
EndProject
Global
	GlobalSection(SolutionConfigurationPlatforms) = preSolution
		Debug|Any CPU = Debug|Any CPU
		Release|Any CPU = Release|Any CPU
	EndGlobalSection
	GlobalSection(ProjectConfigurationPlatforms) = postSolution
		{1DF44ED8-B0F9-4859-B0A3-6A8D1C67F08A}.Debug|Any CPU.ActiveCfg = Debug|Any CPU
		{1DF44ED8-B0F9-4859-B0A3-6A8D1C67F08A}.Debug|Any CPU.Build.0 = Debug|Any CPU
		{1DF44ED8-B0F9-4859-B0A3-6A8D1C67F08A}.Release|Any CPU.ActiveCfg = Release|Any CPU
		{1DF44ED8-B0F9-4859-B0A3-6A8D1C67F08A}.Release|Any CPU.Build.0 = Release|Any CPU
	EndGlobalSection
	GlobalSection(SolutionProperties) = preSolution
		HideSolutionNode = FALSE
	EndGlobalSection
	GlobalSection(ExtensibilityGlobals) = postSolution
		SolutionGuid = {0E75DC7D-C57C-4481-981A-B752E7ED584B}
	EndGlobalSection
EndGlobal
